
Microsoft Visual Studio Solution File, Format Version 12.00
# Visual Studio Version 17
VisualStudioVersion = 17.14.37027.9 d17.14
MinimumVisualStudioVersion = 10.0.40219.1
Project("{FAE04EC0-301F-11D3-BF4B-00C04F79EFBC}") = "SandboxUniversity", "SandboxUniversity.csproj", "{EDE7166B-0871-2760-107B-8EF67F909484}"
EndProject
Global
	GlobalSection(SolutionConfigurationPlatforms) = preSolution
		Debug|Any CPU = Debug|Any CPU
		Release|Any CPU = Release|Any CPU
	EndGlobalSection
	GlobalSection(ProjectConfigurationPlatforms) = postSolution
		{EDE7166B-0871-2760-107B-8EF67F909484}.Debug|Any CPU.ActiveCfg = Debug|Any CPU
		{EDE7166B-0871-2760-107B-8EF67F909484}.Debug|Any CPU.Build.0 = Debug|Any CPU
		{EDE7166B-0871-2760-107B-8EF67F909484}.Release|Any CPU.ActiveCfg = Release|Any CPU
		{EDE7166B-0871-2760-107B-8EF67F909484}.Release|Any CPU.Build.0 = Release|Any CPU
	EndGlobalSection
	GlobalSection(SolutionProperties) = preSolution
		HideSolutionNode = FALSE
	EndGlobalSection
	GlobalSection(ExtensibilityGlobals) = postSolution
		SolutionGuid = {6786B726-CCB6-4DEE-9E74-A3D96DB9F356}
	EndGlobalSection
EndGlobal
